
Microsoft Visual Studio Solution File, Format Version 12.00
# Visual Studio Version 17
VisualStudioVersion = 17.13.35818.85
MinimumVisualStudioVersion = 10.0.40219.1
Project("{FAE04EC0-301F-11D3-BF4B-00C04F79EFBC}") = "Domain", "Domain\Domain.csproj", "{B00BFCBA-6FB1-4914-B33B-3941AFA83CE6}"
EndProject
Project("{FAE04EC0-301F-11D3-BF4B-00C04F79EFBC}") = "Application", "Application\Application.csproj", "{7B278F05-9AA2-43DC-8C1C-E606A811880A}"
EndProject
Project("{FAE04EC0-301F-11D3-BF4B-00C04F79EFBC}") = "Desktop", "Desktop\Desktop.csproj", "{C7AE997B-7697-4604-B958-F69CC1A8EDBA}"
EndProject
Global
	GlobalSection(SolutionConfigurationPlatforms) = preSolution
		Debug|Any CPU = Debug|Any CPU
		Release|Any CPU = Release|Any CPU
	EndGlobalSection
	GlobalSection(ProjectConfigurationPlatforms) = postSolution
		{B00BFCBA-6FB1-4914-B33B-3941AFA83CE6}.Debug|Any CPU.ActiveCfg = Debug|Any CPU
		{B00BFCBA-6FB1-4914-B33B-3941AFA83CE6}.Debug|Any CPU.Build.0 = Debug|Any CPU
		{B00BFCBA-6FB1-4914-B33B-3941AFA83CE6}.Release|Any CPU.ActiveCfg = Release|Any CPU
		{B00BFCBA-6FB1-4914-B33B-3941AFA83CE6}.Release|Any CPU.Build.0 = Release|Any CPU
		{7B278F05-9AA2-43DC-8C1C-E606A811880A}.Debug|Any CPU.ActiveCfg = Debug|Any CPU
		{7B278F05-9AA2-43DC-8C1C-E606A811880A}.Debug|Any CPU.Build.0 = Debug|Any CPU
		{7B278F05-9AA2-43DC-8C1C-E606A811880A}.Release|Any CPU.ActiveCfg = Release|Any CPU
		{7B278F05-9AA2-43DC-8C1C-E606A811880A}.Release|Any CPU.Build.0 = Release|Any CPU
		{C7AE997B-7697-4604-B958-F69CC1A8EDBA}.Debug|Any CPU.ActiveCfg = Debug|Any CPU
		{C7AE997B-7697-4604-B958-F69CC1A8EDBA}.Debug|Any CPU.Build.0 = Debug|Any CPU
		{C7AE997B-7697-4604-B958-F69CC1A8EDBA}.Release|Any CPU.ActiveCfg = Release|Any CPU
		{C7AE997B-7697-4604-B958-F69CC1A8EDBA}.Release|Any CPU.Build.0 = Release|Any CPU
	EndGlobalSection
	GlobalSection(SolutionProperties) = preSolution
		HideSolutionNode = FALSE
	EndGlobalSection
	GlobalSection(ExtensibilityGlobals) = postSolution
		SolutionGuid = {A312A947-B1BA-4479-AD2A-1B69AA44E735}
	EndGlobalSection
EndGlobal
